// !$*UTF8*$!
{
	archiveVersion = 1;
	classes = {
	};
	objectVersion = 74;
	objects = {

/* Begin PBXBuildFile section */
		6C14AB892CCE918E004016BF /* Then in Frameworks */ = {isa = PBXBuildFile; productRef = 6C14AB882CCE918E004016BF /* Then */; };
		6C391A3A2CBA46CB000B72BD /* SnapKit in Frameworks */ = {isa = PBXBuildFile; productRef = 6C391A392CBA46CB000B72BD /* SnapKit */; };
		6C4A3CA72CFC9F1200D60C9A /* AppCategory.swift in Sources */ = {isa = PBXBuildFile; fileRef = 6C4A3C952CFC9F1200D60C9A /* AppCategory.swift */; };
		6C4A3CA82CFC9F1200D60C9A /* DownloadState.swift in Sources */ = {isa = PBXBuildFile; fileRef = 6C4A3C962CFC9F1200D60C9A /* DownloadState.swift */; };
		6C4A3CA92CFC9F1200D60C9A /* App.swift in Sources */ = {isa = PBXBuildFile; fileRef = 6C4A3C982CFC9F1200D60C9A /* App.swift */; };
		6C4A3CAA2CFC9F1200D60C9A /* TossReview.swift in Sources */ = {isa = PBXBuildFile; fileRef = 6C4A3C992CFC9F1200D60C9A /* TossReview.swift */; };
		6C4A3CAB2CFC9F1200D60C9A /* MainView.swift in Sources */ = {isa = PBXBuildFile; fileRef = 6C4A3C9E2CFC9F1200D60C9A /* MainView.swift */; };
		6C4A3CAC2CFC9F1200D60C9A /* MainViewModel.swift in Sources */ = {isa = PBXBuildFile; fileRef = 6C4A3CA02CFC9F1200D60C9A /* MainViewModel.swift */; };
		6C4A3CE62CFCCBC300D60C9A /* RxCocoa in Frameworks */ = {isa = PBXBuildFile; productRef = 6C4A3CE52CFCCBC300D60C9A /* RxCocoa */; };
		6C4A3CE82CFCCBC300D60C9A /* RxSwift in Frameworks */ = {isa = PBXBuildFile; productRef = 6C4A3CE72CFCCBC300D60C9A /* RxSwift */; };
		6CB52F442CD5F10A00C8D130 /* Alamofire in Frameworks */ = {isa = PBXBuildFile; productRef = 6CB52F432CD5F10A00C8D130 /* Alamofire */; };
		6CFA97D02CB1017F004B6A40 /* AppDelegate.swift in Sources */ = {isa = PBXBuildFile; fileRef = 6CFA97CF2CB1017F004B6A40 /* AppDelegate.swift */; };
		6CFA97D22CB1017F004B6A40 /* SceneDelegate.swift in Sources */ = {isa = PBXBuildFile; fileRef = 6CFA97D12CB1017F004B6A40 /* SceneDelegate.swift */; };
/* End PBXBuildFile section */

/* Begin PBXFileReference section */
		6C4A3C952CFC9F1200D60C9A /* AppCategory.swift */ = {isa = PBXFileReference; lastKnownFileType = sourcecode.swift; path = AppCategory.swift; sourceTree = "<group>"; };
		6C4A3C962CFC9F1200D60C9A /* DownloadState.swift */ = {isa = PBXFileReference; lastKnownFileType = sourcecode.swift; path = DownloadState.swift; sourceTree = "<group>"; };
		6C4A3C982CFC9F1200D60C9A /* App.swift */ = {isa = PBXFileReference; lastKnownFileType = sourcecode.swift; path = App.swift; sourceTree = "<group>"; };
		6C4A3C992CFC9F1200D60C9A /* TossReview.swift */ = {isa = PBXFileReference; lastKnownFileType = sourcecode.swift; path = TossReview.swift; sourceTree = "<group>"; };
		6C4A3C9E2CFC9F1200D60C9A /* MainView.swift */ = {isa = PBXFileReference; lastKnownFileType = sourcecode.swift; path = MainView.swift; sourceTree = "<group>"; };
		6C4A3CA02CFC9F1200D60C9A /* MainViewModel.swift */ = {isa = PBXFileReference; lastKnownFileType = sourcecode.swift; path = MainViewModel.swift; sourceTree = "<group>"; };
		6CB52F472CD5F28E00C8D130 /* Config.xcconfig */ = {isa = PBXFileReference; lastKnownFileType = text.xcconfig; path = Config.xcconfig; sourceTree = "<group>"; };
		6CFA97CC2CB1017F004B6A40 /* 35-Seminar.app */ = {isa = PBXFileReference; explicitFileType = wrapper.application; includeInIndex = 0; path = "35-Seminar.app"; sourceTree = BUILT_PRODUCTS_DIR; };
		6CFA97CF2CB1017F004B6A40 /* AppDelegate.swift */ = {isa = PBXFileReference; lastKnownFileType = sourcecode.swift; path = AppDelegate.swift; sourceTree = "<group>"; };
		6CFA97D12CB1017F004B6A40 /* SceneDelegate.swift */ = {isa = PBXFileReference; lastKnownFileType = sourcecode.swift; path = SceneDelegate.swift; sourceTree = "<group>"; };
/* End PBXFileReference section */

/* Begin PBXFileSystemSynchronizedBuildFileExceptionSet section */
		6C14AB742CCE8B78004016BF /* PBXFileSystemSynchronizedBuildFileExceptionSet */ = {
			isa = PBXFileSystemSynchronizedBuildFileExceptionSet;
			membershipExceptions = (
				/Localized/LaunchScreen.storyboard,
				Config.xcconfig,
				Info.plist,
			);
			target = 6CFA97CB2CB1017F004B6A40 /* 35-Seminar */;
		};
/* End PBXFileSystemSynchronizedBuildFileExceptionSet section */

/* Begin PBXFileSystemSynchronizedGroupBuildPhaseMembershipExceptionSet section */
		6C14AB752CCE8B78004016BF /* PBXFileSystemSynchronizedGroupBuildPhaseMembershipExceptionSet */ = {
			isa = PBXFileSystemSynchronizedGroupBuildPhaseMembershipExceptionSet;
			buildPhase = 6CFA97CA2CB1017F004B6A40 /* Resources */;
			membershipExceptions = (
				Base.lproj/LaunchScreen.storyboard,
			);
		};
/* End PBXFileSystemSynchronizedGroupBuildPhaseMembershipExceptionSet section */

/* Begin PBXFileSystemSynchronizedRootGroup section */
		6C14AB732CCE8B2B004016BF /* Resources */ = {isa = PBXFileSystemSynchronizedRootGroup; exceptions = (6C14AB742CCE8B78004016BF /* PBXFileSystemSynchronizedBuildFileExceptionSet */, 6C14AB752CCE8B78004016BF /* PBXFileSystemSynchronizedGroupBuildPhaseMembershipExceptionSet */, ); explicitFileTypes = {}; explicitFolders = (); path = Resources; sourceTree = "<group>"; };
		6C341EA02CDC8E3B003DA5FC /* Network */ = {isa = PBXFileSystemSynchronizedRootGroup; explicitFileTypes = {}; explicitFolders = (); path = Network; sourceTree = "<group>"; };
		6C341EAB2CDC8E50003DA5FC /* Extensions */ = {isa = PBXFileSystemSynchronizedRootGroup; explicitFileTypes = {}; explicitFolders = (); path = Extensions; sourceTree = "<group>"; };
		6C4A3CAD2CFCA00A00D60C9A /* View */ = {isa = PBXFileSystemSynchronizedRootGroup; explicitFileTypes = {}; explicitFolders = (); path = View; sourceTree = "<group>"; };
		6C4A3CAE2CFCA00E00D60C9A /* ViewModel */ = {isa = PBXFileSystemSynchronizedRootGroup; explicitFileTypes = {}; explicitFolders = (); path = ViewModel; sourceTree = "<group>"; };
		6C4A3CAF2CFCA01400D60C9A /* ViewModel */ = {isa = PBXFileSystemSynchronizedRootGroup; explicitFileTypes = {}; explicitFolders = (); path = ViewModel; sourceTree = "<group>"; };
		6C4A3CB02CFCA01400D60C9A /* View */ = {isa = PBXFileSystemSynchronizedRootGroup; explicitFileTypes = {}; explicitFolders = (); path = View; sourceTree = "<group>"; };
		6C4A3CB12CFCA01500D60C9A /* ViewModel */ = {isa = PBXFileSystemSynchronizedRootGroup; explicitFileTypes = {}; explicitFolders = (); path = ViewModel; sourceTree = "<group>"; };
		6C4A3CB22CFCA01500D60C9A /* View */ = {isa = PBXFileSystemSynchronizedRootGroup; explicitFileTypes = {}; explicitFolders = (); path = View; sourceTree = "<group>"; };
		6C4A3CB32CFCA01600D60C9A /* ViewModel */ = {isa = PBXFileSystemSynchronizedRootGroup; explicitFileTypes = {}; explicitFolders = (); path = ViewModel; sourceTree = "<group>"; };
		6C4A3CB42CFCA01600D60C9A /* View */ = {isa = PBXFileSystemSynchronizedRootGroup; explicitFileTypes = {}; explicitFolders = (); path = View; sourceTree = "<group>"; };
		6C4A3CB52CFCA01600D60C9A /* ViewModel */ = {isa = PBXFileSystemSynchronizedRootGroup; explicitFileTypes = {}; explicitFolders = (); path = ViewModel; sourceTree = "<group>"; };
		6C4A3CB62CFCA01600D60C9A /* View */ = {isa = PBXFileSystemSynchronizedRootGroup; explicitFileTypes = {}; explicitFolders = (); path = View; sourceTree = "<group>"; };
		6C4A3CD12CFCABB400D60C9A /* Reusable */ = {isa = PBXFileSystemSynchronizedRootGroup; explicitFileTypes = {}; explicitFolders = (); path = Reusable; sourceTree = "<group>"; };
/* End PBXFileSystemSynchronizedRootGroup section */

/* Begin PBXFrameworksBuildPhase section */
		6CFA97C92CB1017F004B6A40 /* Frameworks */ = {
			isa = PBXFrameworksBuildPhase;
			buildActionMask = 2147483647;
			files = (
				6CB52F442CD5F10A00C8D130 /* Alamofire in Frameworks */,
				6C391A3A2CBA46CB000B72BD /* SnapKit in Frameworks */,
				6C4A3CE82CFCCBC300D60C9A /* RxSwift in Frameworks */,
				6C4A3CE62CFCCBC300D60C9A /* RxCocoa in Frameworks */,
				6C14AB892CCE918E004016BF /* Then in Frameworks */,
			);
			runOnlyForDeploymentPostprocessing = 0;
		};
/* End PBXFrameworksBuildPhase section */

/* Begin PBXGroup section */
		6C2BE8712CBD3FE800428D4D /* Delegate */ = {
			isa = PBXGroup;
			children = (
				6CFA97D12CB1017F004B6A40 /* SceneDelegate.swift */,
				6CFA97CF2CB1017F004B6A40 /* AppDelegate.swift */,
			);
			path = Delegate;
			sourceTree = "<group>";
		};
		6C4A3C972CFC9F1200D60C9A /* Enum */ = {
			isa = PBXGroup;
			children = (
				6C4A3C952CFC9F1200D60C9A /* AppCategory.swift */,
				6C4A3C962CFC9F1200D60C9A /* DownloadState.swift */,
			);
			path = Enum;
			sourceTree = "<group>";
		};
		6C4A3C9A2CFC9F1200D60C9A /* Model */ = {
			isa = PBXGroup;
			children = (
				6C4A3C982CFC9F1200D60C9A /* App.swift */,
				6C4A3C992CFC9F1200D60C9A /* TossReview.swift */,
			);
			path = Model;
			sourceTree = "<group>";
		};
		6C4A3C9B2CFC9F1200D60C9A /* ArcadeTab */ = {
			isa = PBXGroup;
			children = (
				6C4A3CB42CFCA01600D60C9A /* View */,
				6C4A3CB32CFCA01600D60C9A /* ViewModel */,
			);
			path = ArcadeTab;
			sourceTree = "<group>";
		};
		6C4A3C9C2CFC9F1200D60C9A /* FinancialTab */ = {
			isa = PBXGroup;
			children = (
				6C4A3CB22CFCA01500D60C9A /* View */,
				6C4A3CB12CFCA01500D60C9A /* ViewModel */,
			);
			path = FinancialTab;
			sourceTree = "<group>";
		};
		6C4A3C9D2CFC9F1200D60C9A /* GameTab */ = {
			isa = PBXGroup;
			children = (
				6C4A3CB02CFCA01400D60C9A /* View */,
				6C4A3CAF2CFCA01400D60C9A /* ViewModel */,
			);
			path = GameTab;
			sourceTree = "<group>";
		};
		6C4A3C9F2CFC9F1200D60C9A /* View */ = {
			isa = PBXGroup;
			children = (
				6C4A3C9E2CFC9F1200D60C9A /* MainView.swift */,
			);
			path = View;
			sourceTree = "<group>";
		};
		6C4A3CA12CFC9F1200D60C9A /* ViewModel */ = {
			isa = PBXGroup;
			children = (
				6C4A3CA02CFC9F1200D60C9A /* MainViewModel.swift */,
			);
			path = ViewModel;
			sourceTree = "<group>";
		};
		6C4A3CA22CFC9F1200D60C9A /* Main */ = {
			isa = PBXGroup;
			children = (
				6C4A3C9F2CFC9F1200D60C9A /* View */,
				6C4A3CA12CFC9F1200D60C9A /* ViewModel */,
			);
			path = Main;
			sourceTree = "<group>";
		};
		6C4A3CA32CFC9F1200D60C9A /* SearchTab */ = {
			isa = PBXGroup;
			children = (
				6C4A3CB62CFCA01600D60C9A /* View */,
				6C4A3CB52CFCA01600D60C9A /* ViewModel */,
			);
			path = SearchTab;
			sourceTree = "<group>";
		};
		6C4A3CA42CFC9F1200D60C9A /* TodayTab */ = {
			isa = PBXGroup;
			children = (
				6C4A3CAD2CFCA00A00D60C9A /* View */,
				6C4A3CAE2CFCA00E00D60C9A /* ViewModel */,
			);
			path = TodayTab;
			sourceTree = "<group>";
		};
		6C4A3CA52CFC9F1200D60C9A /* SwiftUI */ = {
			isa = PBXGroup;
			children = (
				6C4A3CD12CFCABB400D60C9A /* Reusable */,
				6C4A3CA22CFC9F1200D60C9A /* Main */,
				6C4A3CA42CFC9F1200D60C9A /* TodayTab */,
				6C4A3C9D2CFC9F1200D60C9A /* GameTab */,
				6C4A3C9C2CFC9F1200D60C9A /* FinancialTab */,
				6C4A3C9B2CFC9F1200D60C9A /* ArcadeTab */,
				6C4A3CA32CFC9F1200D60C9A /* SearchTab */,
			);
			path = SwiftUI;
			sourceTree = "<group>";
		};
		6C4A3CA62CFC9F1200D60C9A /* Presentation */ = {
			isa = PBXGroup;
			children = (
				6C4A3C972CFC9F1200D60C9A /* Enum */,
				6C4A3C9A2CFC9F1200D60C9A /* Model */,
				6C4A3CA52CFC9F1200D60C9A /* SwiftUI */,
			);
			path = Presentation;
			sourceTree = "<group>";
		};
		6C8EE1D42CDCA9D400C9BAE4 /* Recovered References */ = {
			isa = PBXGroup;
			children = (
				6CB52F472CD5F28E00C8D130 /* Config.xcconfig */,
			);
			name = "Recovered References";
			sourceTree = "<group>";
		};
		6CFA97C32CB1017F004B6A40 = {
			isa = PBXGroup;
			children = (
				6CFA97CE2CB1017F004B6A40 /* 35-Seminar */,
				6CFA97CD2CB1017F004B6A40 /* Products */,
				6C8EE1D42CDCA9D400C9BAE4 /* Recovered References */,
			);
			sourceTree = "<group>";
		};
		6CFA97CD2CB1017F004B6A40 /* Products */ = {
			isa = PBXGroup;
			children = (
				6CFA97CC2CB1017F004B6A40 /* 35-Seminar.app */,
			);
			name = Products;
			sourceTree = "<group>";
		};
		6CFA97CE2CB1017F004B6A40 /* 35-Seminar */ = {
			isa = PBXGroup;
			children = (
				6C341EAB2CDC8E50003DA5FC /* Extensions */,
				6C14AB732CCE8B2B004016BF /* Resources */,
				6C2BE8712CBD3FE800428D4D /* Delegate */,
				6C341EA02CDC8E3B003DA5FC /* Network */,
				6C4A3CA62CFC9F1200D60C9A /* Presentation */,
			);
			path = "35-Seminar";
			sourceTree = "<group>";
		};
/* End PBXGroup section */

/* Begin PBXNativeTarget section */
		6CFA97CB2CB1017F004B6A40 /* 35-Seminar */ = {
			isa = PBXNativeTarget;
			buildConfigurationList = 6CFA97E02CB10180004B6A40 /* Build configuration list for PBXNativeTarget "35-Seminar" */;
			buildPhases = (
				6CFA97C82CB1017F004B6A40 /* Sources */,
				6CFA97C92CB1017F004B6A40 /* Frameworks */,
				6CFA97CA2CB1017F004B6A40 /* Resources */,
			);
			buildRules = (
			);
			dependencies = (
			);
			fileSystemSynchronizedGroups = (
				6C14AB732CCE8B2B004016BF /* Resources */,
				6C341EA02CDC8E3B003DA5FC /* Network */,
				6C341EAB2CDC8E50003DA5FC /* Extensions */,
				6C4A3CAD2CFCA00A00D60C9A /* View */,
				6C4A3CAE2CFCA00E00D60C9A /* ViewModel */,
				6C4A3CAF2CFCA01400D60C9A /* ViewModel */,
				6C4A3CB02CFCA01400D60C9A /* View */,
				6C4A3CB12CFCA01500D60C9A /* ViewModel */,
				6C4A3CB22CFCA01500D60C9A /* View */,
				6C4A3CB32CFCA01600D60C9A /* ViewModel */,
				6C4A3CB42CFCA01600D60C9A /* View */,
				6C4A3CB52CFCA01600D60C9A /* ViewModel */,
				6C4A3CB62CFCA01600D60C9A /* View */,
				6C4A3CD12CFCABB400D60C9A /* Reusable */,
			);
			name = "35-Seminar";
			packageProductDependencies = (
				6C391A392CBA46CB000B72BD /* SnapKit */,
				6C14AB882CCE918E004016BF /* Then */,
				6CB52F432CD5F10A00C8D130 /* Alamofire */,
				6C4A3CE52CFCCBC300D60C9A /* RxCocoa */,
				6C4A3CE72CFCCBC300D60C9A /* RxSwift */,
			);
			productName = "35-Seminar";
			productReference = 6CFA97CC2CB1017F004B6A40 /* 35-Seminar.app */;
			productType = "com.apple.product-type.application";
		};
/* End PBXNativeTarget section */

/* Begin PBXProject section */
		6CFA97C42CB1017F004B6A40 /* Project object */ = {
			isa = PBXProject;
			attributes = {
				BuildIndependentTargetsInParallel = 1;
				LastSwiftUpdateCheck = 1540;
				LastUpgradeCheck = 1610;
				TargetAttributes = {
					6CFA97CB2CB1017F004B6A40 = {
						CreatedOnToolsVersion = 15.4;
					};
				};
			};
			buildConfigurationList = 6CFA97C72CB1017F004B6A40 /* Build configuration list for PBXProject "35-Seminar" */;
			developmentRegion = en;
			hasScannedForEncodings = 0;
			knownRegions = (
				en,
				Base,
			);
			mainGroup = 6CFA97C32CB1017F004B6A40;
			packageReferences = (
				6C391A382CBA46CB000B72BD /* XCRemoteSwiftPackageReference "SnapKit" */,
				6C14AB872CCE918E004016BF /* XCRemoteSwiftPackageReference "Then" */,
				6CB52F422CD5F10A00C8D130 /* XCRemoteSwiftPackageReference "Alamofire" */,
				6C4A3CE42CFCCBC300D60C9A /* XCRemoteSwiftPackageReference "RxSwift" */,
			);
			preferredProjectObjectVersion = 56;
			productRefGroup = 6CFA97CD2CB1017F004B6A40 /* Products */;
			projectDirPath = "";
			projectRoot = "";
			targets = (
				6CFA97CB2CB1017F004B6A40 /* 35-Seminar */,
			);
		};
/* End PBXProject section */

/* Begin PBXResourcesBuildPhase section */
		6CFA97CA2CB1017F004B6A40 /* Resources */ = {
			isa = PBXResourcesBuildPhase;
			buildActionMask = 2147483647;
			files = (
			);
			runOnlyForDeploymentPostprocessing = 0;
		};
/* End PBXResourcesBuildPhase section */

/* Begin PBXSourcesBuildPhase section */
		6CFA97C82CB1017F004B6A40 /* Sources */ = {
			isa = PBXSourcesBuildPhase;
			buildActionMask = 2147483647;
			files = (
				6CFA97D02CB1017F004B6A40 /* AppDelegate.swift in Sources */,
				6C4A3CA72CFC9F1200D60C9A /* AppCategory.swift in Sources */,
				6C4A3CA82CFC9F1200D60C9A /* DownloadState.swift in Sources */,
				6C4A3CA92CFC9F1200D60C9A /* App.swift in Sources */,
				6C4A3CAA2CFC9F1200D60C9A /* TossReview.swift in Sources */,
				6C4A3CAB2CFC9F1200D60C9A /* MainView.swift in Sources */,
				6C4A3CAC2CFC9F1200D60C9A /* MainViewModel.swift in Sources */,
				6CFA97D22CB1017F004B6A40 /* SceneDelegate.swift in Sources */,
			);
			runOnlyForDeploymentPostprocessing = 0;
		};
/* End PBXSourcesBuildPhase section */

/* Begin XCBuildConfiguration section */
		6CFA97DE2CB10180004B6A40 /* Debug */ = {
			isa = XCBuildConfiguration;
			baseConfigurationReferenceAnchor = 6C14AB732CCE8B2B004016BF /* Resources */;
			baseConfigurationReferenceRelativePath = Config.xcconfig;
			buildSettings = {
				ALWAYS_SEARCH_USER_PATHS = NO;
				ASSETCATALOG_COMPILER_GENERATE_SWIFT_ASSET_SYMBOL_EXTENSIONS = YES;
				CLANG_ANALYZER_NONNULL = YES;
				CLANG_ANALYZER_NUMBER_OBJECT_CONVERSION = YES_AGGRESSIVE;
				CLANG_CXX_LANGUAGE_STANDARD = "gnu++20";
				CLANG_ENABLE_MODULES = YES;
				CLANG_ENABLE_OBJC_ARC = YES;
				CLANG_ENABLE_OBJC_WEAK = YES;
				CLANG_WARN_BLOCK_CAPTURE_AUTORELEASING = YES;
				CLANG_WARN_BOOL_CONVERSION = YES;
				CLANG_WARN_COMMA = YES;
				CLANG_WARN_CONSTANT_CONVERSION = YES;
				CLANG_WARN_DEPRECATED_OBJC_IMPLEMENTATIONS = YES;
				CLANG_WARN_DIRECT_OBJC_ISA_USAGE = YES_ERROR;
				CLANG_WARN_DOCUMENTATION_COMMENTS = YES;
				CLANG_WARN_EMPTY_BODY = YES;
				CLANG_WARN_ENUM_CONVERSION = YES;
				CLANG_WARN_INFINITE_RECURSION = YES;
				CLANG_WARN_INT_CONVERSION = YES;
				CLANG_WARN_NON_LITERAL_NULL_CONVERSION = YES;
				CLANG_WARN_OBJC_IMPLICIT_RETAIN_SELF = YES;
				CLANG_WARN_OBJC_LITERAL_CONVERSION = YES;
				CLANG_WARN_OBJC_ROOT_CLASS = YES_ERROR;
				CLANG_WARN_QUOTED_INCLUDE_IN_FRAMEWORK_HEADER = YES;
				CLANG_WARN_RANGE_LOOP_ANALYSIS = YES;
				CLANG_WARN_STRICT_PROTOTYPES = YES;
				CLANG_WARN_SUSPICIOUS_MOVE = YES;
				CLANG_WARN_UNGUARDED_AVAILABILITY = YES_AGGRESSIVE;
				CLANG_WARN_UNREACHABLE_CODE = YES;
				CLANG_WARN__DUPLICATE_METHOD_MATCH = YES;
				COPY_PHASE_STRIP = NO;
				DEBUG_INFORMATION_FORMAT = dwarf;
				ENABLE_STRICT_OBJC_MSGSEND = YES;
				ENABLE_TESTABILITY = YES;
				ENABLE_USER_SCRIPT_SANDBOXING = YES;
				GCC_C_LANGUAGE_STANDARD = gnu17;
				GCC_DYNAMIC_NO_PIC = NO;
				GCC_NO_COMMON_BLOCKS = YES;
				GCC_OPTIMIZATION_LEVEL = 0;
				GCC_PREPROCESSOR_DEFINITIONS = (
					"DEBUG=1",
					"$(inherited)",
				);
				GCC_WARN_64_TO_32_BIT_CONVERSION = YES;
				GCC_WARN_ABOUT_RETURN_TYPE = YES_ERROR;
				GCC_WARN_UNDECLARED_SELECTOR = YES;
				GCC_WARN_UNINITIALIZED_AUTOS = YES_AGGRESSIVE;
				GCC_WARN_UNUSED_FUNCTION = YES;
				GCC_WARN_UNUSED_VARIABLE = YES;
				IPHONEOS_DEPLOYMENT_TARGET = 17.5;
				LOCALIZATION_PREFERS_STRING_CATALOGS = YES;
				MTL_ENABLE_DEBUG_INFO = INCLUDE_SOURCE;
				MTL_FAST_MATH = YES;
				ONLY_ACTIVE_ARCH = YES;
				SDKROOT = iphoneos;
				SWIFT_ACTIVE_COMPILATION_CONDITIONS = "DEBUG $(inherited)";
				SWIFT_OPTIMIZATION_LEVEL = "-Onone";
			};
			name = Debug;
		};
		6CFA97DF2CB10180004B6A40 /* Release */ = {
			isa = XCBuildConfiguration;
			baseConfigurationReferenceAnchor = 6C14AB732CCE8B2B004016BF /* Resources */;
			baseConfigurationReferenceRelativePath = Config.xcconfig;
			buildSettings = {
				ALWAYS_SEARCH_USER_PATHS = NO;
				ASSETCATALOG_COMPILER_GENERATE_SWIFT_ASSET_SYMBOL_EXTENSIONS = YES;
				CLANG_ANALYZER_NONNULL = YES;
				CLANG_ANALYZER_NUMBER_OBJECT_CONVERSION = YES_AGGRESSIVE;
				CLANG_CXX_LANGUAGE_STANDARD = "gnu++20";
				CLANG_ENABLE_MODULES = YES;
				CLANG_ENABLE_OBJC_ARC = YES;
				CLANG_ENABLE_OBJC_WEAK = YES;
				CLANG_WARN_BLOCK_CAPTURE_AUTORELEASING = YES;
				CLANG_WARN_BOOL_CONVERSION = YES;
				CLANG_WARN_COMMA = YES;
				CLANG_WARN_CONSTANT_CONVERSION = YES;
				CLANG_WARN_DEPRECATED_OBJC_IMPLEMENTATIONS = YES;
				CLANG_WARN_DIRECT_OBJC_ISA_USAGE = YES_ERROR;
				CLANG_WARN_DOCUMENTATION_COMMENTS = YES;
				CLANG_WARN_EMPTY_BODY = YES;
				CLANG_WARN_ENUM_CONVERSION = YES;
				CLANG_WARN_INFINITE_RECURSION = YES;
				CLANG_WARN_INT_CONVERSION = YES;
				CLANG_WARN_NON_LITERAL_NULL_CONVERSION = YES;
				CLANG_WARN_OBJC_IMPLICIT_RETAIN_SELF = YES;
				CLANG_WARN_OBJC_LITERAL_CONVERSION = YES;
				CLANG_WARN_OBJC_ROOT_CLASS = YES_ERROR;
				CLANG_WARN_QUOTED_INCLUDE_IN_FRAMEWORK_HEADER = YES;
				CLANG_WARN_RANGE_LOOP_ANALYSIS = YES;
				CLANG_WARN_STRICT_PROTOTYPES = YES;
				CLANG_WARN_SUSPICIOUS_MOVE = YES;
				CLANG_WARN_UNGUARDED_AVAILABILITY = YES_AGGRESSIVE;
				CLANG_WARN_UNREACHABLE_CODE = YES;
				CLANG_WARN__DUPLICATE_METHOD_MATCH = YES;
				COPY_PHASE_STRIP = NO;
				DEBUG_INFORMATION_FORMAT = "dwarf-with-dsym";
				ENABLE_NS_ASSERTIONS = NO;
				ENABLE_STRICT_OBJC_MSGSEND = YES;
				ENABLE_USER_SCRIPT_SANDBOXING = YES;
				GCC_C_LANGUAGE_STANDARD = gnu17;
				GCC_NO_COMMON_BLOCKS = YES;
				GCC_WARN_64_TO_32_BIT_CONVERSION = YES;
				GCC_WARN_ABOUT_RETURN_TYPE = YES_ERROR;
				GCC_WARN_UNDECLARED_SELECTOR = YES;
				GCC_WARN_UNINITIALIZED_AUTOS = YES_AGGRESSIVE;
				GCC_WARN_UNUSED_FUNCTION = YES;
				GCC_WARN_UNUSED_VARIABLE = YES;
				IPHONEOS_DEPLOYMENT_TARGET = 17.5;
				LOCALIZATION_PREFERS_STRING_CATALOGS = YES;
				MTL_ENABLE_DEBUG_INFO = NO;
				MTL_FAST_MATH = YES;
				SDKROOT = iphoneos;
				SWIFT_COMPILATION_MODE = wholemodule;
				VALIDATE_PRODUCT = YES;
			};
			name = Release;
		};
		6CFA97E12CB10180004B6A40 /* Debug */ = {
			isa = XCBuildConfiguration;
			buildSettings = {
				ASSETCATALOG_COMPILER_APPICON_NAME = AppIcon;
				ASSETCATALOG_COMPILER_GLOBAL_ACCENT_COLOR_NAME = AccentColor;
				CODE_SIGN_STYLE = Automatic;
				CURRENT_PROJECT_VERSION = 1;
				DEVELOPMENT_TEAM = 3RFJ9FQWHA;
				GENERATE_INFOPLIST_FILE = YES;
				INFOPLIST_FILE = "35-Seminar/Resources/Info.plist";
				INFOPLIST_KEY_UIApplicationSupportsIndirectInputEvents = YES;
				INFOPLIST_KEY_UILaunchStoryboardName = LaunchScreen;
				INFOPLIST_KEY_UISupportedInterfaceOrientations_iPad = "UIInterfaceOrientationPortrait UIInterfaceOrientationPortraitUpsideDown UIInterfaceOrientationLandscapeLeft UIInterfaceOrientationLandscapeRight";
				INFOPLIST_KEY_UISupportedInterfaceOrientations_iPhone = "UIInterfaceOrientationPortrait UIInterfaceOrientationLandscapeLeft UIInterfaceOrientationLandscapeRight";
				LD_RUNPATH_SEARCH_PATHS = (
					"$(inherited)",
					"@executable_path/Frameworks",
				);
				MARKETING_VERSION = 1.0;
				PRODUCT_BUNDLE_IDENTIFIER = "com.OneTen.-5-Seminar";
				PRODUCT_NAME = "$(TARGET_NAME)";
				SWIFT_EMIT_LOC_STRINGS = YES;
				SWIFT_VERSION = 5.0;
				TARGETED_DEVICE_FAMILY = "1,2";
			};
			name = Debug;
		};
		6CFA97E22CB10180004B6A40 /* Release */ = {
			isa = XCBuildConfiguration;
			buildSettings = {
				ASSETCATALOG_COMPILER_APPICON_NAME = AppIcon;
				ASSETCATALOG_COMPILER_GLOBAL_ACCENT_COLOR_NAME = AccentColor;
				CODE_SIGN_STYLE = Automatic;
				CURRENT_PROJECT_VERSION = 1;
				DEVELOPMENT_TEAM = 3RFJ9FQWHA;
				GENERATE_INFOPLIST_FILE = YES;
				INFOPLIST_FILE = "35-Seminar/Resources/Info.plist";
				INFOPLIST_KEY_UIApplicationSupportsIndirectInputEvents = YES;
				INFOPLIST_KEY_UILaunchStoryboardName = LaunchScreen;
				INFOPLIST_KEY_UISupportedInterfaceOrientations_iPad = "UIInterfaceOrientationPortrait UIInterfaceOrientationPortraitUpsideDown UIInterfaceOrientationLandscapeLeft UIInterfaceOrientationLandscapeRight";
				INFOPLIST_KEY_UISupportedInterfaceOrientations_iPhone = "UIInterfaceOrientationPortrait UIInterfaceOrientationLandscapeLeft UIInterfaceOrientationLandscapeRight";
				LD_RUNPATH_SEARCH_PATHS = (
					"$(inherited)",
					"@executable_path/Frameworks",
				);
				MARKETING_VERSION = 1.0;
				PRODUCT_BUNDLE_IDENTIFIER = "com.OneTen.-5-Seminar";
				PRODUCT_NAME = "$(TARGET_NAME)";
				SWIFT_EMIT_LOC_STRINGS = YES;
				SWIFT_VERSION = 5.0;
				TARGETED_DEVICE_FAMILY = "1,2";
			};
			name = Release;
		};
/* End XCBuildConfiguration section */

/* Begin XCConfigurationList section */
		6CFA97C72CB1017F004B6A40 /* Build configuration list for PBXProject "35-Seminar" */ = {
			isa = XCConfigurationList;
			buildConfigurations = (
				6CFA97DE2CB10180004B6A40 /* Debug */,
				6CFA97DF2CB10180004B6A40 /* Release */,
			);
			defaultConfigurationIsVisible = 0;
			defaultConfigurationName = Release;
		};
		6CFA97E02CB10180004B6A40 /* Build configuration list for PBXNativeTarget "35-Seminar" */ = {
			isa = XCConfigurationList;
			buildConfigurations = (
				6CFA97E12CB10180004B6A40 /* Debug */,
				6CFA97E22CB10180004B6A40 /* Release */,
			);
			defaultConfigurationIsVisible = 0;
			defaultConfigurationName = Release;
		};
/* End XCConfigurationList section */

/* Begin XCRemoteSwiftPackageReference section */
		6C14AB872CCE918E004016BF /* XCRemoteSwiftPackageReference "Then" */ = {
			isa = XCRemoteSwiftPackageReference;
			repositoryURL = "https://github.com/devxoul/Then.git";
			requirement = {
				kind = upToNextMajorVersion;
				minimumVersion = 3.0.0;
			};
		};
		6C391A382CBA46CB000B72BD /* XCRemoteSwiftPackageReference "SnapKit" */ = {
			isa = XCRemoteSwiftPackageReference;
			repositoryURL = "https://github.com/SnapKit/SnapKit";
			requirement = {
				kind = upToNextMajorVersion;
				minimumVersion = 5.7.1;
			};
		};
		6C4A3CE42CFCCBC300D60C9A /* XCRemoteSwiftPackageReference "RxSwift" */ = {
			isa = XCRemoteSwiftPackageReference;
			repositoryURL = "https://github.com/ReactiveX/RxSwift";
			requirement = {
				kind = upToNextMajorVersion;
				minimumVersion = 6.8.0;
			};
		};
		6CB52F422CD5F10A00C8D130 /* XCRemoteSwiftPackageReference "Alamofire" */ = {
			isa = XCRemoteSwiftPackageReference;
			repositoryURL = "https://github.com/Alamofire/Alamofire.git";
			requirement = {
				kind = upToNextMajorVersion;
				minimumVersion = 5.10.1;
			};
		};
/* End XCRemoteSwiftPackageReference section */

/* Begin XCSwiftPackageProductDependency section */
		6C14AB882CCE918E004016BF /* Then */ = {
			isa = XCSwiftPackageProductDependency;
			package = 6C14AB872CCE918E004016BF /* XCRemoteSwiftPackageReference "Then" */;
			productName = Then;
		};
		6C391A392CBA46CB000B72BD /* SnapKit */ = {
			isa = XCSwiftPackageProductDependency;
			package = 6C391A382CBA46CB000B72BD /* XCRemoteSwiftPackageReference "SnapKit" */;
			productName = SnapKit;
		};
		6C4A3CE52CFCCBC300D60C9A /* RxCocoa */ = {
			isa = XCSwiftPackageProductDependency;
			package = 6C4A3CE42CFCCBC300D60C9A /* XCRemoteSwiftPackageReference "RxSwift" */;
			productName = RxCocoa;
		};
		6C4A3CE72CFCCBC300D60C9A /* RxSwift */ = {
			isa = XCSwiftPackageProductDependency;
			package = 6C4A3CE42CFCCBC300D60C9A /* XCRemoteSwiftPackageReference "RxSwift" */;
			productName = RxSwift;
		};
		6CB52F432CD5F10A00C8D130 /* Alamofire */ = {
			isa = XCSwiftPackageProductDependency;
			package = 6CB52F422CD5F10A00C8D130 /* XCRemoteSwiftPackageReference "Alamofire" */;
			productName = Alamofire;
		};
/* End XCSwiftPackageProductDependency section */
	};
	rootObject = 6CFA97C42CB1017F004B6A40 /* Project object */;
}
