// !$*UTF8*$!
{
	archiveVersion = 1;
	classes = {
	};
	objectVersion = 56;
	objects = {

/* Begin PBXBuildFile section */
		6C391A3A2CBA46CB000B72BD /* SnapKit in Frameworks */ = {isa = PBXBuildFile; productRef = 6C391A392CBA46CB000B72BD /* SnapKit */; };
		6C391A3C2CBA5983000B72BD /* TossView.swift in Sources */ = {isa = PBXBuildFile; fileRef = 6C391A3B2CBA5983000B72BD /* TossView.swift */; };
		6C391A3E2CBA5A7B000B72BD /* NicknameViewController_Delegate.swift in Sources */ = {isa = PBXBuildFile; fileRef = 6C391A3D2CBA5A7B000B72BD /* NicknameViewController_Delegate.swift */; };
		6CCF9BF22CBE7F420089DFB5 /* HeaderView.swift in Sources */ = {isa = PBXBuildFile; fileRef = 6CCF9BF12CBE7F420089DFB5 /* HeaderView.swift */; };
		6CFA97D02CB1017F004B6A40 /* AppDelegate.swift in Sources */ = {isa = PBXBuildFile; fileRef = 6CFA97CF2CB1017F004B6A40 /* AppDelegate.swift */; };
		6CFA97D22CB1017F004B6A40 /* SceneDelegate.swift in Sources */ = {isa = PBXBuildFile; fileRef = 6CFA97D12CB1017F004B6A40 /* SceneDelegate.swift */; };
		6CFA97D42CB1017F004B6A40 /* ViewController.swift in Sources */ = {isa = PBXBuildFile; fileRef = 6CFA97D32CB1017F004B6A40 /* ViewController.swift */; };
		6CFA97D92CB10180004B6A40 /* Assets.xcassets in Resources */ = {isa = PBXBuildFile; fileRef = 6CFA97D82CB10180004B6A40 /* Assets.xcassets */; };
		6CFA97DC2CB10180004B6A40 /* Base in Resources */ = {isa = PBXBuildFile; fileRef = 6CFA97DB2CB10180004B6A40 /* Base */; };
/* End PBXBuildFile section */

/* Begin PBXFileReference section */
		6C391A3B2CBA5983000B72BD /* TossView.swift */ = {isa = PBXFileReference; lastKnownFileType = sourcecode.swift; path = TossView.swift; sourceTree = "<group>"; };
		6C391A3D2CBA5A7B000B72BD /* NicknameViewController_Delegate.swift */ = {isa = PBXFileReference; lastKnownFileType = sourcecode.swift; path = NicknameViewController_Delegate.swift; sourceTree = "<group>"; };
		6CCF9BF12CBE7F420089DFB5 /* HeaderView.swift */ = {isa = PBXFileReference; lastKnownFileType = sourcecode.swift; path = HeaderView.swift; sourceTree = "<group>"; };
		6CFA97CC2CB1017F004B6A40 /* 35-Seminar.app */ = {isa = PBXFileReference; explicitFileType = wrapper.application; includeInIndex = 0; path = "35-Seminar.app"; sourceTree = BUILT_PRODUCTS_DIR; };
		6CFA97CF2CB1017F004B6A40 /* AppDelegate.swift */ = {isa = PBXFileReference; lastKnownFileType = sourcecode.swift; path = AppDelegate.swift; sourceTree = "<group>"; };
		6CFA97D12CB1017F004B6A40 /* SceneDelegate.swift */ = {isa = PBXFileReference; lastKnownFileType = sourcecode.swift; path = SceneDelegate.swift; sourceTree = "<group>"; };
		6CFA97D32CB1017F004B6A40 /* ViewController.swift */ = {isa = PBXFileReference; lastKnownFileType = sourcecode.swift; path = ViewController.swift; sourceTree = "<group>"; };
		6CFA97D82CB10180004B6A40 /* Assets.xcassets */ = {isa = PBXFileReference; lastKnownFileType = folder.assetcatalog; path = Assets.xcassets; sourceTree = "<group>"; };
		6CFA97DB2CB10180004B6A40 /* Base */ = {isa = PBXFileReference; lastKnownFileType = file.storyboard; name = Base; path = Base.lproj/LaunchScreen.storyboard; sourceTree = "<group>"; };
		6CFA97DD2CB10180004B6A40 /* Info.plist */ = {isa = PBXFileReference; lastKnownFileType = text.plist.xml; path = Info.plist; sourceTree = "<group>"; };
/* End PBXFileReference section */

/* Begin PBXFrameworksBuildPhase section */
		6CFA97C92CB1017F004B6A40 /* Frameworks */ = {
			isa = PBXFrameworksBuildPhase;
			buildActionMask = 2147483647;
			files = (
				6C391A3A2CBA46CB000B72BD /* SnapKit in Frameworks */,
			);
			runOnlyForDeploymentPostprocessing = 0;
		};
/* End PBXFrameworksBuildPhase section */

/* Begin PBXGroup section */
		6C2BE8702CBD3FC500428D4D /* Week1 */ = {
			isa = PBXGroup;
			children = (
				6C391A3D2CBA5A7B000B72BD /* NicknameViewController_Delegate.swift */,
			);
			path = Week1;
			sourceTree = "<group>";
		};
		6C2BE8712CBD3FE800428D4D /* Delegate */ = {
			isa = PBXGroup;
			children = (
				6CFA97D12CB1017F004B6A40 /* SceneDelegate.swift */,
				6CFA97CF2CB1017F004B6A40 /* AppDelegate.swift */,
			);
			path = Delegate;
			sourceTree = "<group>";
		};
		6CCF9BF02CBE7F070089DFB5 /* Week2 */ = {
			isa = PBXGroup;
			children = (
				6C391A3B2CBA5983000B72BD /* TossView.swift */,
				6CCF9BF12CBE7F420089DFB5 /* HeaderView.swift */,
			);
			path = Week2;
			sourceTree = "<group>";
		};
		6CFA97C32CB1017F004B6A40 = {
			isa = PBXGroup;
			children = (
				6CFA97CE2CB1017F004B6A40 /* 35-Seminar */,
				6CFA97CD2CB1017F004B6A40 /* Products */,
			);
			sourceTree = "<group>";
		};
		6CFA97CD2CB1017F004B6A40 /* Products */ = {
			isa = PBXGroup;
			children = (
				6CFA97CC2CB1017F004B6A40 /* 35-Seminar.app */,
			);
			name = Products;
			sourceTree = "<group>";
		};
		6CFA97CE2CB1017F004B6A40 /* 35-Seminar */ = {
			isa = PBXGroup;
			children = (
				6C2BE8712CBD3FE800428D4D /* Delegate */,
				6C2BE8702CBD3FC500428D4D /* Week1 */,
				6CCF9BF02CBE7F070089DFB5 /* Week2 */,
				6CFA97D32CB1017F004B6A40 /* ViewController.swift */,
				6CFA97D82CB10180004B6A40 /* Assets.xcassets */,
				6CFA97DA2CB10180004B6A40 /* LaunchScreen.storyboard */,
				6CFA97DD2CB10180004B6A40 /* Info.plist */,
			);
			path = "35-Seminar";
			sourceTree = "<group>";
		};
/* End PBXGroup section */

/* Begin PBXNativeTarget section */
		6CFA97CB2CB1017F004B6A40 /* 35-Seminar */ = {
			isa = PBXNativeTarget;
			buildConfigurationList = 6CFA97E02CB10180004B6A40 /* Build configuration list for PBXNativeTarget "35-Seminar" */;
			buildPhases = (
				6CFA97C82CB1017F004B6A40 /* Sources */,
				6CFA97C92CB1017F004B6A40 /* Frameworks */,
				6CFA97CA2CB1017F004B6A40 /* Resources */,
			);
			buildRules = (
			);
			dependencies = (
			);
			name = "35-Seminar";
			packageProductDependencies = (
				6C391A392CBA46CB000B72BD /* SnapKit */,
			);
			productName = "35-Seminar";
			productReference = 6CFA97CC2CB1017F004B6A40 /* 35-Seminar.app */;
			productType = "com.apple.product-type.application";
		};
/* End PBXNativeTarget section */

/* Begin PBXProject section */
		6CFA97C42CB1017F004B6A40 /* Project object */ = {
			isa = PBXProject;
			attributes = {
				BuildIndependentTargetsInParallel = 1;
				LastSwiftUpdateCheck = 1540;
				LastUpgradeCheck = 1540;
				TargetAttributes = {
					6CFA97CB2CB1017F004B6A40 = {
						CreatedOnToolsVersion = 15.4;
					};
				};
			};
			buildConfigurationList = 6CFA97C72CB1017F004B6A40 /* Build configuration list for PBXProject "35-Seminar" */;
			compatibilityVersion = "Xcode 14.0";
			developmentRegion = en;
			hasScannedForEncodings = 0;
			knownRegions = (
				en,
				Base,
			);
			mainGroup = 6CFA97C32CB1017F004B6A40;
			packageReferences = (
				6C391A382CBA46CB000B72BD /* XCRemoteSwiftPackageReference "SnapKit" */,
			);
			productRefGroup = 6CFA97CD2CB1017F004B6A40 /* Products */;
			projectDirPath = "";
			projectRoot = "";
			targets = (
				6CFA97CB2CB1017F004B6A40 /* 35-Seminar */,
			);
		};
/* End PBXProject section */

/* Begin PBXResourcesBuildPhase section */
		6CFA97CA2CB1017F004B6A40 /* Resources */ = {
			isa = PBXResourcesBuildPhase;
			buildActionMask = 2147483647;
			files = (
				6CFA97D92CB10180004B6A40 /* Assets.xcassets in Resources */,
				6CFA97DC2CB10180004B6A40 /* Base in Resources */,
			);
			runOnlyForDeploymentPostprocessing = 0;
		};
/* End PBXResourcesBuildPhase section */

/* Begin PBXSourcesBuildPhase section */
		6CFA97C82CB1017F004B6A40 /* Sources */ = {
			isa = PBXSourcesBuildPhase;
			buildActionMask = 2147483647;
			files = (
				6CFA97D42CB1017F004B6A40 /* ViewController.swift in Sources */,
				6CCF9BF22CBE7F420089DFB5 /* HeaderView.swift in Sources */,
				6C391A3E2CBA5A7B000B72BD /* NicknameViewController_Delegate.swift in Sources */,
				6CFA97D02CB1017F004B6A40 /* AppDelegate.swift in Sources */,
				6CFA97D22CB1017F004B6A40 /* SceneDelegate.swift in Sources */,
				6C391A3C2CBA5983000B72BD /* TossView.swift in Sources */,
			);
			runOnlyForDeploymentPostprocessing = 0;
		};
/* End PBXSourcesBuildPhase section */

/* Begin PBXVariantGroup section */
		6CFA97DA2CB10180004B6A40 /* LaunchScreen.storyboard */ = {
			isa = PBXVariantGroup;
			children = (
				6CFA97DB2CB10180004B6A40 /* Base */,
			);
			name = LaunchScreen.storyboard;
			sourceTree = "<group>";
		};
/* End PBXVariantGroup section */

/* Begin XCBuildConfiguration section */
		6CFA97DE2CB10180004B6A40 /* Debug */ = {
			isa = XCBuildConfiguration;
			buildSettings = {
				ALWAYS_SEARCH_USER_PATHS = NO;
				ASSETCATALOG_COMPILER_GENERATE_SWIFT_ASSET_SYMBOL_EXTENSIONS = YES;
				CLANG_ANALYZER_NONNULL = YES;
				CLANG_ANALYZER_NUMBER_OBJECT_CONVERSION = YES_AGGRESSIVE;
				CLANG_CXX_LANGUAGE_STANDARD = "gnu++20";
				CLANG_ENABLE_MODULES = YES;
				CLANG_ENABLE_OBJC_ARC = YES;
				CLANG_ENABLE_OBJC_WEAK = YES;
				CLANG_WARN_BLOCK_CAPTURE_AUTORELEASING = YES;
				CLANG_WARN_BOOL_CONVERSION = YES;
				CLANG_WARN_COMMA = YES;
				CLANG_WARN_CONSTANT_CONVERSION = YES;
				CLANG_WARN_DEPRECATED_OBJC_IMPLEMENTATIONS = YES;
				CLANG_WARN_DIRECT_OBJC_ISA_USAGE = YES_ERROR;
				CLANG_WARN_DOCUMENTATION_COMMENTS = YES;
				CLANG_WARN_EMPTY_BODY = YES;
				CLANG_WARN_ENUM_CONVERSION = YES;
				CLANG_WARN_INFINITE_RECURSION = YES;
				CLANG_WARN_INT_CONVERSION = YES;
				CLANG_WARN_NON_LITERAL_NULL_CONVERSION = YES;
				CLANG_WARN_OBJC_IMPLICIT_RETAIN_SELF = YES;
				CLANG_WARN_OBJC_LITERAL_CONVERSION = YES;
				CLANG_WARN_OBJC_ROOT_CLASS = YES_ERROR;
				CLANG_WARN_QUOTED_INCLUDE_IN_FRAMEWORK_HEADER = YES;
				CLANG_WARN_RANGE_LOOP_ANALYSIS = YES;
				CLANG_WARN_STRICT_PROTOTYPES = YES;
				CLANG_WARN_SUSPICIOUS_MOVE = YES;
				CLANG_WARN_UNGUARDED_AVAILABILITY = YES_AGGRESSIVE;
				CLANG_WARN_UNREACHABLE_CODE = YES;
				CLANG_WARN__DUPLICATE_METHOD_MATCH = YES;
				COPY_PHASE_STRIP = NO;
				DEBUG_INFORMATION_FORMAT = dwarf;
				ENABLE_STRICT_OBJC_MSGSEND = YES;
				ENABLE_TESTABILITY = YES;
				ENABLE_USER_SCRIPT_SANDBOXING = YES;
				GCC_C_LANGUAGE_STANDARD = gnu17;
				GCC_DYNAMIC_NO_PIC = NO;
				GCC_NO_COMMON_BLOCKS = YES;
				GCC_OPTIMIZATION_LEVEL = 0;
				GCC_PREPROCESSOR_DEFINITIONS = (
					"DEBUG=1",
					"$(inherited)",
				);
				GCC_WARN_64_TO_32_BIT_CONVERSION = YES;
				GCC_WARN_ABOUT_RETURN_TYPE = YES_ERROR;
				GCC_WARN_UNDECLARED_SELECTOR = YES;
				GCC_WARN_UNINITIALIZED_AUTOS = YES_AGGRESSIVE;
				GCC_WARN_UNUSED_FUNCTION = YES;
				GCC_WARN_UNUSED_VARIABLE = YES;
				IPHONEOS_DEPLOYMENT_TARGET = 17.5;
				LOCALIZATION_PREFERS_STRING_CATALOGS = YES;
				MTL_ENABLE_DEBUG_INFO = INCLUDE_SOURCE;
				MTL_FAST_MATH = YES;
				ONLY_ACTIVE_ARCH = YES;
				SDKROOT = iphoneos;
				SWIFT_ACTIVE_COMPILATION_CONDITIONS = "DEBUG $(inherited)";
				SWIFT_OPTIMIZATION_LEVEL = "-Onone";
			};
			name = Debug;
		};
		6CFA97DF2CB10180004B6A40 /* Release */ = {
			isa = XCBuildConfiguration;
			buildSettings = {
				ALWAYS_SEARCH_USER_PATHS = NO;
				ASSETCATALOG_COMPILER_GENERATE_SWIFT_ASSET_SYMBOL_EXTENSIONS = YES;
				CLANG_ANALYZER_NONNULL = YES;
				CLANG_ANALYZER_NUMBER_OBJECT_CONVERSION = YES_AGGRESSIVE;
				CLANG_CXX_LANGUAGE_STANDARD = "gnu++20";
				CLANG_ENABLE_MODULES = YES;
				CLANG_ENABLE_OBJC_ARC = YES;
				CLANG_ENABLE_OBJC_WEAK = YES;
				CLANG_WARN_BLOCK_CAPTURE_AUTORELEASING = YES;
				CLANG_WARN_BOOL_CONVERSION = YES;
				CLANG_WARN_COMMA = YES;
				CLANG_WARN_CONSTANT_CONVERSION = YES;
				CLANG_WARN_DEPRECATED_OBJC_IMPLEMENTATIONS = YES;
				CLANG_WARN_DIRECT_OBJC_ISA_USAGE = YES_ERROR;
				CLANG_WARN_DOCUMENTATION_COMMENTS = YES;
				CLANG_WARN_EMPTY_BODY = YES;
				CLANG_WARN_ENUM_CONVERSION = YES;
				CLANG_WARN_INFINITE_RECURSION = YES;
				CLANG_WARN_INT_CONVERSION = YES;
				CLANG_WARN_NON_LITERAL_NULL_CONVERSION = YES;
				CLANG_WARN_OBJC_IMPLICIT_RETAIN_SELF = YES;
				CLANG_WARN_OBJC_LITERAL_CONVERSION = YES;
				CLANG_WARN_OBJC_ROOT_CLASS = YES_ERROR;
				CLANG_WARN_QUOTED_INCLUDE_IN_FRAMEWORK_HEADER = YES;
				CLANG_WARN_RANGE_LOOP_ANALYSIS = YES;
				CLANG_WARN_STRICT_PROTOTYPES = YES;
				CLANG_WARN_SUSPICIOUS_MOVE = YES;
				CLANG_WARN_UNGUARDED_AVAILABILITY = YES_AGGRESSIVE;
				CLANG_WARN_UNREACHABLE_CODE = YES;
				CLANG_WARN__DUPLICATE_METHOD_MATCH = YES;
				COPY_PHASE_STRIP = NO;
				DEBUG_INFORMATION_FORMAT = "dwarf-with-dsym";
				ENABLE_NS_ASSERTIONS = NO;
				ENABLE_STRICT_OBJC_MSGSEND = YES;
				ENABLE_USER_SCRIPT_SANDBOXING = YES;
				GCC_C_LANGUAGE_STANDARD = gnu17;
				GCC_NO_COMMON_BLOCKS = YES;
				GCC_WARN_64_TO_32_BIT_CONVERSION = YES;
				GCC_WARN_ABOUT_RETURN_TYPE = YES_ERROR;
				GCC_WARN_UNDECLARED_SELECTOR = YES;
				GCC_WARN_UNINITIALIZED_AUTOS = YES_AGGRESSIVE;
				GCC_WARN_UNUSED_FUNCTION = YES;
				GCC_WARN_UNUSED_VARIABLE = YES;
				IPHONEOS_DEPLOYMENT_TARGET = 17.5;
				LOCALIZATION_PREFERS_STRING_CATALOGS = YES;
				MTL_ENABLE_DEBUG_INFO = NO;
				MTL_FAST_MATH = YES;
				SDKROOT = iphoneos;
				SWIFT_COMPILATION_MODE = wholemodule;
				VALIDATE_PRODUCT = YES;
			};
			name = Release;
		};
		6CFA97E12CB10180004B6A40 /* Debug */ = {
			isa = XCBuildConfiguration;
			buildSettings = {
				ASSETCATALOG_COMPILER_APPICON_NAME = AppIcon;
				ASSETCATALOG_COMPILER_GLOBAL_ACCENT_COLOR_NAME = AccentColor;
				CODE_SIGN_STYLE = Automatic;
				CURRENT_PROJECT_VERSION = 1;
				DEVELOPMENT_TEAM = 3RFJ9FQWHA;
				GENERATE_INFOPLIST_FILE = YES;
				INFOPLIST_FILE = "35-Seminar/Info.plist";
				INFOPLIST_KEY_UIApplicationSupportsIndirectInputEvents = YES;
				INFOPLIST_KEY_UILaunchStoryboardName = LaunchScreen;
				INFOPLIST_KEY_UISupportedInterfaceOrientations_iPad = "UIInterfaceOrientationPortrait UIInterfaceOrientationPortraitUpsideDown UIInterfaceOrientationLandscapeLeft UIInterfaceOrientationLandscapeRight";
				INFOPLIST_KEY_UISupportedInterfaceOrientations_iPhone = "UIInterfaceOrientationPortrait UIInterfaceOrientationLandscapeLeft UIInterfaceOrientationLandscapeRight";
				LD_RUNPATH_SEARCH_PATHS = (
					"$(inherited)",
					"@executable_path/Frameworks",
				);
				MARKETING_VERSION = 1.0;
				PRODUCT_BUNDLE_IDENTIFIER = "com.OneTen.-5-Seminar";
				PRODUCT_NAME = "$(TARGET_NAME)";
				SWIFT_EMIT_LOC_STRINGS = YES;
				SWIFT_VERSION = 5.0;
				TARGETED_DEVICE_FAMILY = "1,2";
			};
			name = Debug;
		};
		6CFA97E22CB10180004B6A40 /* Release */ = {
			isa = XCBuildConfiguration;
			buildSettings = {
				ASSETCATALOG_COMPILER_APPICON_NAME = AppIcon;
				ASSETCATALOG_COMPILER_GLOBAL_ACCENT_COLOR_NAME = AccentColor;
				CODE_SIGN_STYLE = Automatic;
				CURRENT_PROJECT_VERSION = 1;
				DEVELOPMENT_TEAM = 3RFJ9FQWHA;
				GENERATE_INFOPLIST_FILE = YES;
				INFOPLIST_FILE = "35-Seminar/Info.plist";
				INFOPLIST_KEY_UIApplicationSupportsIndirectInputEvents = YES;
				INFOPLIST_KEY_UILaunchStoryboardName = LaunchScreen;
				INFOPLIST_KEY_UISupportedInterfaceOrientations_iPad = "UIInterfaceOrientationPortrait UIInterfaceOrientationPortraitUpsideDown UIInterfaceOrientationLandscapeLeft UIInterfaceOrientationLandscapeRight";
				INFOPLIST_KEY_UISupportedInterfaceOrientations_iPhone = "UIInterfaceOrientationPortrait UIInterfaceOrientationLandscapeLeft UIInterfaceOrientationLandscapeRight";
				LD_RUNPATH_SEARCH_PATHS = (
					"$(inherited)",
					"@executable_path/Frameworks",
				);
				MARKETING_VERSION = 1.0;
				PRODUCT_BUNDLE_IDENTIFIER = "com.OneTen.-5-Seminar";
				PRODUCT_NAME = "$(TARGET_NAME)";
				SWIFT_EMIT_LOC_STRINGS = YES;
				SWIFT_VERSION = 5.0;
				TARGETED_DEVICE_FAMILY = "1,2";
			};
			name = Release;
		};
/* End XCBuildConfiguration section */

/* Begin XCConfigurationList section */
		6CFA97C72CB1017F004B6A40 /* Build configuration list for PBXProject "35-Seminar" */ = {
			isa = XCConfigurationList;
			buildConfigurations = (
				6CFA97DE2CB10180004B6A40 /* Debug */,
				6CFA97DF2CB10180004B6A40 /* Release */,
			);
			defaultConfigurationIsVisible = 0;
			defaultConfigurationName = Release;
		};
		6CFA97E02CB10180004B6A40 /* Build configuration list for PBXNativeTarget "35-Seminar" */ = {
			isa = XCConfigurationList;
			buildConfigurations = (
				6CFA97E12CB10180004B6A40 /* Debug */,
				6CFA97E22CB10180004B6A40 /* Release */,
			);
			defaultConfigurationIsVisible = 0;
			defaultConfigurationName = Release;
		};
/* End XCConfigurationList section */

/* Begin XCRemoteSwiftPackageReference section */
		6C391A382CBA46CB000B72BD /* XCRemoteSwiftPackageReference "SnapKit" */ = {
			isa = XCRemoteSwiftPackageReference;
			repositoryURL = "https://github.com/SnapKit/SnapKit";
			requirement = {
				kind = upToNextMajorVersion;
				minimumVersion = 5.7.1;
			};
		};
/* End XCRemoteSwiftPackageReference section */

/* Begin XCSwiftPackageProductDependency section */
		6C391A392CBA46CB000B72BD /* SnapKit */ = {
			isa = XCSwiftPackageProductDependency;
			package = 6C391A382CBA46CB000B72BD /* XCRemoteSwiftPackageReference "SnapKit" */;
			productName = SnapKit;
		};
/* End XCSwiftPackageProductDependency section */
	};
	rootObject = 6CFA97C42CB1017F004B6A40 /* Project object */;
}
